
Microsoft Visual Studio Solution File, Format Version 12.00
# Visual Studio Version 16
VisualStudioVersion = 16.0.32929.386
MinimumVisualStudioVersion = 10.0.40219.1
Project("{FAE04EC0-301F-11D3-BF4B-00C04F79EFBC}") = "Singleton", "Singleton\Singleton.csproj", "{759C3867-065F-4134-94EE-F16CFEC5B6C9}"
EndProject
Global
	GlobalSection(SolutionConfigurationPlatforms) = preSolution
		Debug|Any CPU = Debug|Any CPU
		Release|Any CPU = Release|Any CPU
	EndGlobalSection
	GlobalSection(ProjectConfigurationPlatforms) = postSolution
		{759C3867-065F-4134-94EE-F16CFEC5B6C9}.Debug|Any CPU.ActiveCfg = Debug|Any CPU
		{759C3867-065F-4134-94EE-F16CFEC5B6C9}.Debug|Any CPU.Build.0 = Debug|Any CPU
		{759C3867-065F-4134-94EE-F16CFEC5B6C9}.Release|Any CPU.ActiveCfg = Release|Any CPU
		{759C3867-065F-4134-94EE-F16CFEC5B6C9}.Release|Any CPU.Build.0 = Release|Any CPU
	EndGlobalSection
	GlobalSection(SolutionProperties) = preSolution
		HideSolutionNode = FALSE
	EndGlobalSection
	GlobalSection(ExtensibilityGlobals) = postSolution
		SolutionGuid = {BE3EE0B8-E2AC-4DF1-8C6F-7286C97F9A02}
	EndGlobalSection
EndGlobal
